
Microsoft Visual Studio Solution File, Format Version 12.00
# Visual Studio Version 16
VisualStudioVersion = 16.0.31112.23
MinimumVisualStudioVersion = 10.0.40219.1
Project("{FAE04EC0-301F-11D3-BF4B-00C04F79EFBC}") = "Thumbs", "Thumbs\Thumbs.csproj", "{2589E335-D90D-4477-AAC7-06DA7F3CAC7D}"
EndProject
Global
	GlobalSection(SolutionConfigurationPlatforms) = preSolution
		Debug|Any CPU = Debug|Any CPU
		Release|Any CPU = Release|Any CPU
	EndGlobalSection
	GlobalSection(ProjectConfigurationPlatforms) = postSolution
		{2589E335-D90D-4477-AAC7-06DA7F3CAC7D}.Debug|Any CPU.ActiveCfg = Debug|Any CPU
		{2589E335-D90D-4477-AAC7-06DA7F3CAC7D}.Debug|Any CPU.Build.0 = Debug|Any CPU
		{2589E335-D90D-4477-AAC7-06DA7F3CAC7D}.Release|Any CPU.ActiveCfg = Release|Any CPU
		{2589E335-D90D-4477-AAC7-06DA7F3CAC7D}.Release|Any CPU.Build.0 = Release|Any CPU
	EndGlobalSection
	GlobalSection(SolutionProperties) = preSolution
		HideSolutionNode = FALSE
	EndGlobalSection
	GlobalSection(ExtensibilityGlobals) = postSolution
		SolutionGuid = {302E17E3-7BD2-4366-8AC8-2C43F6C127D9}
	EndGlobalSection
EndGlobal
